PODS:
  - Trackasia (1.0.0)

DEPENDENCIES:
  - Trackasia (from `https://github.com/track-asia-vn/trackasia-cocoapods.git`)

EXTERNAL SOURCES:
  Trackasia:
    :git: https://github.com/track-asia-vn/trackasia-cocoapods.git

CHECKOUT OPTIONS:
  Trackasia:
    :commit: 2a5c2ae3abd6193a783bb3e3837cc58d4d85a074
    :git: https://github.com/track-asia-vn/trackasia-cocoapods.git

SPEC CHECKSUMS:
  Trackasia: 602e37930b9226c31785aa39aa3e5134f0aa26a2

PODFILE CHECKSUM: d1c65963a82831e8b8264d24d6e842ba9cb8f4c7

COCOAPODS: 1.12.1
