PODS:
  - Trackasia (5.12.2)

DEPENDENCIES:
  - Trackasia (from `https://github.com/track-asia-vn/trackasia-cocoapods.git`)

EXTERNAL SOURCES:
  Trackasia:
    :git: https://github.com/track-asia-vn/trackasia-cocoapods.git

CHECKOUT OPTIONS:
  Trackasia:
    :commit: 6cfb43adbdfe55eded85f381fd380c8d8bd0cb49
    :git: https://github.com/track-asia-vn/trackasia-cocoapods.git

SPEC CHECKSUMS:
  Trackasia: eb43bd0b9dd01eab7b2101325ca830e621b12c44

PODFILE CHECKSUM: c64a973d5904c69c3e815387cbbdc87ccf6b87d2

COCOAPODS: 1.12.1
